Microsoft Visual Studio Solution File, Format Version 12.00

Project("{2150E333-8FDC-42A3-9474-1A3956D46DE8}") = "src", "src", "{587F6F5D-CDED-4BEC-9D13-E6BDA9E6738C}"
EndProject
Project("{2150E333-8FDC-42A3-9474-1A3956D46DE8}") = "Solution Items", "Solution Items", "{C419909C-24E8-453E-B76C-BB88BCB84FB3}"
	ProjectSection(SolutionItems) = preProject
		.gitignore = .gitignore
		docker-compose-dev.yaml = docker-compose-dev.yaml
		docker-compose-prod.yaml = docker-compose-prod.yaml
	EndProjectSection
EndProject
Project("{2150E333-8FDC-42A3-9474-1A3956D46DE8}") = "Services", "Services", "{08FF5D94-7041-4A56-9F14-F9D6F1F0C278}"
EndProject
Project("{2150E333-8FDC-42A3-9474-1A3956D46DE8}") = "Catalog", "Catalog", "{5B199586-7C43-41C1-9B70-17B605271F62}"
EndProject
Project("{FAE04EC0-301F-11D3-BF4B-00C04F79EFBC}") = "Catalog.API", "src\Services\Catalog\Catalog.API\Catalog.API.csproj", "{840AA71B-0E52-4CC2-B46F-905E2F82E101}"
EndProject
Project("{FAE04EC0-301F-11D3-BF4B-00C04F79EFBC}") = "Catalog.Domain", "src\Services\Catalog\Catalog.Domain\Catalog.Domain.csproj", "{C2E6E6ED-8F17-42E0-ADDC-24CECEE9F149}"
EndProject
Project("{FAE04EC0-301F-11D3-BF4B-00C04F79EFBC}") = "Catalog.Application", "src\Services\Catalog\Catalog.Application\Catalog.Application.csproj", "{72E5FE2C-DDD8-4AB6-8E5B-126EC8E5B5B5}"
EndProject
Project("{FAE04EC0-301F-11D3-BF4B-00C04F79EFBC}") = "Catalog.Infrastructure", "src\Services\Catalog\Catalog.Infrastructure\Catalog.Infrastructure.csproj", "{9C66D32A-5868-4967-AB39-9E3836FF6DF5}"
EndProject
Project("{2150E333-8FDC-42A3-9474-1A3956D46DE8}") = "Basket", "Basket", "{FA4E7AB5-F9BB-4761-819C-803BBC2E2D7C}"
EndProject
Project("{FAE04EC0-301F-11D3-BF4B-00C04F79EFBC}") = "Basket.API", "src\Services\Basket\Basket.API\Basket.API.csproj", "{0B24F75B-5655-4239-80F9-D8632C083378}"
EndProject
Project("{2150E333-8FDC-42A3-9474-1A3956D46DE8}") = "Common", "Common", "{F6CEE02B-70C1-4B1F-9BA2-5DE5BA425004}"
EndProject
Project("{FAE04EC0-301F-11D3-BF4B-00C04F79EFBC}") = "Common.Kernel", "src\Common\Common.Kernel\Common.Kernel.csproj", "{DC2E08A7-4C61-462E-B2F5-B70172CD90D5}"
EndProject
Project("{2150E333-8FDC-42A3-9474-1A3956D46DE8}") = "Promotion", "Promotion", "{4E75FDF0-78D9-477A-B477-657131902441}"
EndProject
Project("{FAE04EC0-301F-11D3-BF4B-00C04F79EFBC}") = "Promotion.Grpc", "src\Services\Promotion\Promotion.Grpc\Promotion.Grpc.csproj", "{13013969-73BA-405E-8FE6-106FF1111B3D}"
EndProject
Global
	GlobalSection(SolutionConfigurationPlatforms) = preSolution
		Debug|Any CPU = Debug|Any CPU
		Release|Any CPU = Release|Any CPU
	EndGlobalSection
	GlobalSection(NestedProjects) = preSolution
		{08FF5D94-7041-4A56-9F14-F9D6F1F0C278} = {587F6F5D-CDED-4BEC-9D13-E6BDA9E6738C}
		{5B199586-7C43-41C1-9B70-17B605271F62} = {08FF5D94-7041-4A56-9F14-F9D6F1F0C278}
		{840AA71B-0E52-4CC2-B46F-905E2F82E101} = {5B199586-7C43-41C1-9B70-17B605271F62}
		{C2E6E6ED-8F17-42E0-ADDC-24CECEE9F149} = {5B199586-7C43-41C1-9B70-17B605271F62}
		{72E5FE2C-DDD8-4AB6-8E5B-126EC8E5B5B5} = {5B199586-7C43-41C1-9B70-17B605271F62}
		{9C66D32A-5868-4967-AB39-9E3836FF6DF5} = {5B199586-7C43-41C1-9B70-17B605271F62}
		{FA4E7AB5-F9BB-4761-819C-803BBC2E2D7C} = {08FF5D94-7041-4A56-9F14-F9D6F1F0C278}
		{0B24F75B-5655-4239-80F9-D8632C083378} = {FA4E7AB5-F9BB-4761-819C-803BBC2E2D7C}
		{F6CEE02B-70C1-4B1F-9BA2-5DE5BA425004} = {587F6F5D-CDED-4BEC-9D13-E6BDA9E6738C}
		{DC2E08A7-4C61-462E-B2F5-B70172CD90D5} = {F6CEE02B-70C1-4B1F-9BA2-5DE5BA425004}
		{4E75FDF0-78D9-477A-B477-657131902441} = {08FF5D94-7041-4A56-9F14-F9D6F1F0C278}
		{13013969-73BA-405E-8FE6-106FF1111B3D} = {4E75FDF0-78D9-477A-B477-657131902441}
	EndGlobalSection
	GlobalSection(ProjectConfigurationPlatforms) = postSolution
		{840AA71B-0E52-4CC2-B46F-905E2F82E101}.Debug|Any CPU.ActiveCfg = Debug|Any CPU
		{840AA71B-0E52-4CC2-B46F-905E2F82E101}.Debug|Any CPU.Build.0 = Debug|Any CPU
		{840AA71B-0E52-4CC2-B46F-905E2F82E101}.Release|Any CPU.ActiveCfg = Release|Any CPU
		{840AA71B-0E52-4CC2-B46F-905E2F82E101}.Release|Any CPU.Build.0 = Release|Any CPU
		{C2E6E6ED-8F17-42E0-ADDC-24CECEE9F149}.Debug|Any CPU.ActiveCfg = Debug|Any CPU
		{C2E6E6ED-8F17-42E0-ADDC-24CECEE9F149}.Debug|Any CPU.Build.0 = Debug|Any CPU
		{C2E6E6ED-8F17-42E0-ADDC-24CECEE9F149}.Release|Any CPU.ActiveCfg = Release|Any CPU
		{C2E6E6ED-8F17-42E0-ADDC-24CECEE9F149}.Release|Any CPU.Build.0 = Release|Any CPU
		{72E5FE2C-DDD8-4AB6-8E5B-126EC8E5B5B5}.Debug|Any CPU.ActiveCfg = Debug|Any CPU
		{72E5FE2C-DDD8-4AB6-8E5B-126EC8E5B5B5}.Debug|Any CPU.Build.0 = Debug|Any CPU
		{72E5FE2C-DDD8-4AB6-8E5B-126EC8E5B5B5}.Release|Any CPU.ActiveCfg = Release|Any CPU
		{72E5FE2C-DDD8-4AB6-8E5B-126EC8E5B5B5}.Release|Any CPU.Build.0 = Release|Any CPU
		{9C66D32A-5868-4967-AB39-9E3836FF6DF5}.Debug|Any CPU.ActiveCfg = Debug|Any CPU
		{9C66D32A-5868-4967-AB39-9E3836FF6DF5}.Debug|Any CPU.Build.0 = Debug|Any CPU
		{9C66D32A-5868-4967-AB39-9E3836FF6DF5}.Release|Any CPU.ActiveCfg = Release|Any CPU
		{9C66D32A-5868-4967-AB39-9E3836FF6DF5}.Release|Any CPU.Build.0 = Release|Any CPU
		{0B24F75B-5655-4239-80F9-D8632C083378}.Debug|Any CPU.ActiveCfg = Debug|Any CPU
		{0B24F75B-5655-4239-80F9-D8632C083378}.Debug|Any CPU.Build.0 = Debug|Any CPU
		{0B24F75B-5655-4239-80F9-D8632C083378}.Release|Any CPU.ActiveCfg = Release|Any CPU
		{0B24F75B-5655-4239-80F9-D8632C083378}.Release|Any CPU.Build.0 = Release|Any CPU
		{DC2E08A7-4C61-462E-B2F5-B70172CD90D5}.Debug|Any CPU.ActiveCfg = Debug|Any CPU
		{DC2E08A7-4C61-462E-B2F5-B70172CD90D5}.Debug|Any CPU.Build.0 = Debug|Any CPU
		{DC2E08A7-4C61-462E-B2F5-B70172CD90D5}.Release|Any CPU.ActiveCfg = Release|Any CPU
		{DC2E08A7-4C61-462E-B2F5-B70172CD90D5}.Release|Any CPU.Build.0 = Release|Any CPU
		{13013969-73BA-405E-8FE6-106FF1111B3D}.Debug|Any CPU.ActiveCfg = Debug|Any CPU
		{13013969-73BA-405E-8FE6-106FF1111B3D}.Debug|Any CPU.Build.0 = Debug|Any CPU
		{13013969-73BA-405E-8FE6-106FF1111B3D}.Release|Any CPU.ActiveCfg = Release|Any CPU
		{13013969-73BA-405E-8FE6-106FF1111B3D}.Release|Any CPU.Build.0 = Release|Any CPU
	EndGlobalSection
EndGlobal
